
Microsoft Visual Studio Solution File, Format Version 12.00
# Visual Studio Version 17
VisualStudioVersion = 17.8.34408.163
MinimumVisualStudioVersion = 10.0.40219.1
Project("{FAE04EC0-301F-11D3-BF4B-00C04F79EFBC}") = "SalesWebMVC", "SalesWebMVC.csproj", "{BF3D34E6-92A0-4FBE-8FCB-1548E154F44C}"
EndProject
Global
	GlobalSection(SolutionConfigurationPlatforms) = preSolution
		Debug|Any CPU = Debug|Any CPU
		Release|Any CPU = Release|Any CPU
	EndGlobalSection
	GlobalSection(ProjectConfigurationPlatforms) = postSolution
		{BF3D34E6-92A0-4FBE-8FCB-1548E154F44C}.Debug|Any CPU.ActiveCfg = Debug|Any CPU
		{BF3D34E6-92A0-4FBE-8FCB-1548E154F44C}.Debug|Any CPU.Build.0 = Debug|Any CPU
		{BF3D34E6-92A0-4FBE-8FCB-1548E154F44C}.Release|Any CPU.ActiveCfg = Release|Any CPU
		{BF3D34E6-92A0-4FBE-8FCB-1548E154F44C}.Release|Any CPU.Build.0 = Release|Any CPU
	EndGlobalSection
	GlobalSection(SolutionProperties) = preSolution
		HideSolutionNode = FALSE
	EndGlobalSection
	GlobalSection(ExtensibilityGlobals) = postSolution
		SolutionGuid = {7BE07A9E-A34E-40EA-A926-2F87CD292C38}
	EndGlobalSection
EndGlobal
